dependencies:
- name: common
  repository: oci://registry-1.docker.io/bitnamicharts
  version: 2.41.0
- name: postgresql
  repository: oci://registry-1.docker.io/bitnamicharts
  version: 18.8.16
- name: valkey
  repository: oci://registry-1.docker.io/bitnamicharts
  version: 6.2.18
digest: sha256:1d0f9e93734867d85c7ab427f7230184c064adbbe7c730b10a36edc00cc734fa
generated: "2026-09-03T22:59:32.827162886Z"
