dependencies:
- name: common
  repository: oci://registry-1.docker.io/bitnamicharts
  version: 2.41.0
- name: postgresql
  repository: oci://registry-1.docker.io/bitnamicharts
  version: 18.8.9
- name: valkey
  repository: oci://registry-1.docker.io/bitnamicharts
  version: 6.2.8
digest: sha256:c034399f380661646f75f3c668132d9b22fe543f8ba398e8eb26a1b46b1c3448
generated: "2026-08-15T00:08:03.154530661Z"
