dependencies:
- name: common
  repository: oci://registry-1.docker.io/bitnamicharts
  version: 2.40.0
- name: netbox
  repository: oci://ghcr.io/netbox-community/netbox-chart
  version: 8.3.0
digest: sha256:7c8f294a43adbe61be313d57dfbe9d43afa653bf490fcf7989298226e78d1c6d
generated: "2026-05-25T02:17:48.248020886Z"
